
Microsoft Visual Studio Solution File, Format Version 12.00
# Visual Studio Version 17
VisualStudioVersion = 17.5.33530.505
MinimumVisualStudioVersion = 10.0.40219.1
Project("{FAE04EC0-301F-11D3-BF4B-00C04F79EFBC}") = "TaskTracker_WPF", "TaskTracker_WPF\TaskTracker_WPF.csproj", "{3ADDF495-0346-4160-9296-A9F226CEFC47}"
EndProject
Global
	GlobalSection(SolutionConfigurationPlatforms) = preSolution
		Debug|Any CPU = Debug|Any CPU
		Release|Any CPU = Release|Any CPU
	EndGlobalSection
	GlobalSection(ProjectConfigurationPlatforms) = postSolution
		{3ADDF495-0346-4160-9296-A9F226CEFC47}.Debug|Any CPU.ActiveCfg = Debug|Any CPU
		{3ADDF495-0346-4160-9296-A9F226CEFC47}.Debug|Any CPU.Build.0 = Debug|Any CPU
		{3ADDF495-0346-4160-9296-A9F226CEFC47}.Release|Any CPU.ActiveCfg = Release|Any CPU
		{3ADDF495-0346-4160-9296-A9F226CEFC47}.Release|Any CPU.Build.0 = Release|Any CPU
	EndGlobalSection
	GlobalSection(SolutionProperties) = preSolution
		HideSolutionNode = FALSE
	EndGlobalSection
	GlobalSection(ExtensibilityGlobals) = postSolution
		SolutionGuid = {D4C95B3B-7A1C-4261-850B-BA65E79ADF6D}
	EndGlobalSection
EndGlobal
